
Microsoft Visual Studio Solution File, Format Version 12.00
# Visual Studio 15
VisualStudioVersion = 15.0.27130.2026
MinimumVisualStudioVersion = 10.0.40219.1
Project("{2150E333-8FDC-42A3-9474-1A3956D46DE8}") = "Solution Items", "Solution Items", "{FB6FB7EB-57F6-4D57-9322-6FB113FB0C88}"
	ProjectSection(SolutionItems) = preProject
		appveyor.yml = appveyor.yml
		README.md = README.md
	EndProjectSection
EndProject
Project("{9A19103F-16F7-4668-BE54-9A1E7A4F7556}") = "vtortola.WebSockets", "vtortola.WebSockets\vtortola.WebSockets.csproj", "{1BD8E3C1-EF7D-4D58-89E2-33E5EC7C9406}"
EndProject
Project("{9A19103F-16F7-4668-BE54-9A1E7A4F7556}") = "vtortola.WebSockets.Deflate", "vtortola.WebSockets.Deflate\vtortola.WebSockets.Deflate.csproj", "{3BFDAE73-A6A9-40B9-9026-84DD005BBAC9}"
EndProject
Project("{9A19103F-16F7-4668-BE54-9A1E7A4F7556}") = "vtortola.WebSockets.Rfc6455", "vtortola.WebSockets.Rfc6455\vtortola.WebSockets.Rfc6455.csproj", "{72114F0D-EC56-43D5-8C13-43FB013C0C1D}"
EndProject
Project("{2150E333-8FDC-42A3-9474-1A3956D46DE8}") = "Samples", "Samples", "{B5897DED-14F9-461B-9A4C-C5BAA859F80F}"
EndProject
Project("{2150E333-8FDC-42A3-9474-1A3956D46DE8}") = "Tests", "Tests", "{0F46150F-76EE-4CB5-8D1D-0C6C6B876782}"
EndProject
Project("{9A19103F-16F7-4668-BE54-9A1E7A4F7556}") = "EchoServer", "Samples\EchoServer\EchoServer.csproj", "{9586718A-CBF0-4E42-9FAC-81C09B59DF47}"
EndProject
Project("{9A19103F-16F7-4668-BE54-9A1E7A4F7556}") = "MonoEchoServer", "Samples\MonoEchoServer\MonoEchoServer.csproj", "{DE9CE632-9DC4-4330-AFB8-B6A7C2CB10D2}"
EndProject
Project("{9A19103F-16F7-4668-BE54-9A1E7A4F7556}") = "WebSocketClient", "Samples\WebSocketClient\WebSocketClient.csproj", "{604B8795-00BA-45D9-941A-998E3EE5AE78}"
EndProject
Project("{9A19103F-16F7-4668-BE54-9A1E7A4F7556}") = "vtortola.WebSockets.UnitTests", "Tests\WebSocketListener.UnitTests\vtortola.WebSockets.UnitTests.csproj", "{DAD7F83D-7FA3-43C0-A7C6-DE348F96B403}"
EndProject
Project("{9A19103F-16F7-4668-BE54-9A1E7A4F7556}") = "deniszykov.WebSocketListener", "deniszykov.WebSocketListener\deniszykov.WebSocketListener.csproj", "{BF96AE8B-D2A0-467A-849F-8F3996B3636F}"
EndProject
Global
	GlobalSection(SolutionConfigurationPlatforms) = preSolution
		Debug|Any CPU = Debug|Any CPU
		Debug|x86 = Debug|x86
		Release|Any CPU = Release|Any CPU
		Release|x86 = Release|x86
	EndGlobalSection
	GlobalSection(ProjectConfigurationPlatforms) = postSolution
		{1BD8E3C1-EF7D-4D58-89E2-33E5EC7C9406}.Debug|Any CPU.ActiveCfg = Debug|Any CPU
		{1BD8E3C1-EF7D-4D58-89E2-33E5EC7C9406}.Debug|Any CPU.Build.0 = Debug|Any CPU
		{1BD8E3C1-EF7D-4D58-89E2-33E5EC7C9406}.Debug|x86.ActiveCfg = Debug|Any CPU
		{1BD8E3C1-EF7D-4D58-89E2-33E5EC7C9406}.Debug|x86.Build.0 = Debug|Any CPU
		{1BD8E3C1-EF7D-4D58-89E2-33E5EC7C9406}.Release|Any CPU.ActiveCfg = Release|Any CPU
		{1BD8E3C1-EF7D-4D58-89E2-33E5EC7C9406}.Release|Any CPU.Build.0 = Release|Any CPU
		{1BD8E3C1-EF7D-4D58-89E2-33E5EC7C9406}.Release|x86.ActiveCfg = Release|Any CPU
		{1BD8E3C1-EF7D-4D58-89E2-33E5EC7C9406}.Release|x86.Build.0 = Release|Any CPU
		{3BFDAE73-A6A9-40B9-9026-84DD005BBAC9}.Debug|Any CPU.ActiveCfg = Debug|Any CPU
		{3BFDAE73-A6A9-40B9-9026-84DD005BBAC9}.Debug|Any CPU.Build.0 = Debug|Any CPU
		{3BFDAE73-A6A9-40B9-9026-84DD005BBAC9}.Debug|x86.ActiveCfg = Debug|Any CPU
		{3BFDAE73-A6A9-40B9-9026-84DD005BBAC9}.Debug|x86.Build.0 = Debug|Any CPU
		{3BFDAE73-A6A9-40B9-9026-84DD005BBAC9}.Release|Any CPU.ActiveCfg = Release|Any CPU
		{3BFDAE73-A6A9-40B9-9026-84DD005BBAC9}.Release|Any CPU.Build.0 = Release|Any CPU
		{3BFDAE73-A6A9-40B9-9026-84DD005BBAC9}.Release|x86.ActiveCfg = Release|Any CPU
		{3BFDAE73-A6A9-40B9-9026-84DD005BBAC9}.Release|x86.Build.0 = Release|Any CPU
		{72114F0D-EC56-43D5-8C13-43FB013C0C1D}.Debug|Any CPU.ActiveCfg = Debug|Any CPU
		{72114F0D-EC56-43D5-8C13-43FB013C0C1D}.Debug|Any CPU.Build.0 = Debug|Any CPU
		{72114F0D-EC56-43D5-8C13-43FB013C0C1D}.Debug|x86.ActiveCfg = Debug|Any CPU
		{72114F0D-EC56-43D5-8C13-43FB013C0C1D}.Debug|x86.Build.0 = Debug|Any CPU
		{72114F0D-EC56-43D5-8C13-43FB013C0C1D}.Release|Any CPU.ActiveCfg = Release|Any CPU
		{72114F0D-EC56-43D5-8C13-43FB013C0C1D}.Release|Any CPU.Build.0 = Release|Any CPU
		{72114F0D-EC56-43D5-8C13-43FB013C0C1D}.Release|x86.ActiveCfg = Release|Any CPU
		{72114F0D-EC56-43D5-8C13-43FB013C0C1D}.Release|x86.Build.0 = Release|Any CPU
		{9586718A-CBF0-4E42-9FAC-81C09B59DF47}.Debug|Any CPU.ActiveCfg = Debug|Any CPU
		{9586718A-CBF0-4E42-9FAC-81C09B59DF47}.Debug|Any CPU.Build.0 = Debug|Any CPU
		{9586718A-CBF0-4E42-9FAC-81C09B59DF47}.Debug|x86.ActiveCfg = Debug|Any CPU
		{9586718A-CBF0-4E42-9FAC-81C09B59DF47}.Debug|x86.Build.0 = Debug|Any CPU
		{9586718A-CBF0-4E42-9FAC-81C09B59DF47}.Release|Any CPU.ActiveCfg = Release|Any CPU
		{9586718A-CBF0-4E42-9FAC-81C09B59DF47}.Release|Any CPU.Build.0 = Release|Any CPU
		{9586718A-CBF0-4E42-9FAC-81C09B59DF47}.Release|x86.ActiveCfg = Release|Any CPU
		{9586718A-CBF0-4E42-9FAC-81C09B59DF47}.Release|x86.Build.0 = Release|Any CPU
		{DE9CE632-9DC4-4330-AFB8-B6A7C2CB10D2}.Debug|Any CPU.ActiveCfg = Debug|Any CPU
		{DE9CE632-9DC4-4330-AFB8-B6A7C2CB10D2}.Debug|Any CPU.Build.0 = Debug|Any CPU
		{DE9CE632-9DC4-4330-AFB8-B6A7C2CB10D2}.Debug|x86.ActiveCfg = Debug|Any CPU
		{DE9CE632-9DC4-4330-AFB8-B6A7C2CB10D2}.Debug|x86.Build.0 = Debug|Any CPU
		{DE9CE632-9DC4-4330-AFB8-B6A7C2CB10D2}.Release|Any CPU.ActiveCfg = Release|Any CPU
		{DE9CE632-9DC4-4330-AFB8-B6A7C2CB10D2}.Release|Any CPU.Build.0 = Release|Any CPU
		{DE9CE632-9DC4-4330-AFB8-B6A7C2CB10D2}.Release|x86.ActiveCfg = Release|Any CPU
		{DE9CE632-9DC4-4330-AFB8-B6A7C2CB10D2}.Release|x86.Build.0 = Release|Any CPU
		{604B8795-00BA-45D9-941A-998E3EE5AE78}.Debug|Any CPU.ActiveCfg = Debug|Any CPU
		{604B8795-00BA-45D9-941A-998E3EE5AE78}.Debug|Any CPU.Build.0 = Debug|Any CPU
		{604B8795-00BA-45D9-941A-998E3EE5AE78}.Debug|x86.ActiveCfg = Debug|Any CPU
		{604B8795-00BA-45D9-941A-998E3EE5AE78}.Debug|x86.Build.0 = Debug|Any CPU
		{604B8795-00BA-45D9-941A-998E3EE5AE78}.Release|Any CPU.ActiveCfg = Release|Any CPU
		{604B8795-00BA-45D9-941A-998E3EE5AE78}.Release|Any CPU.Build.0 = Release|Any CPU
		{604B8795-00BA-45D9-941A-998E3EE5AE78}.Release|x86.ActiveCfg = Release|Any CPU
		{604B8795-00BA-45D9-941A-998E3EE5AE78}.Release|x86.Build.0 = Release|Any CPU
		{DAD7F83D-7FA3-43C0-A7C6-DE348F96B403}.Debug|Any CPU.ActiveCfg = Debug|Any CPU
		{DAD7F83D-7FA3-43C0-A7C6-DE348F96B403}.Debug|Any CPU.Build.0 = Debug|Any CPU
		{DAD7F83D-7FA3-43C0-A7C6-DE348F96B403}.Debug|x86.ActiveCfg = Debug|Any CPU
		{DAD7F83D-7FA3-43C0-A7C6-DE348F96B403}.Debug|x86.Build.0 = Debug|Any CPU
		{DAD7F83D-7FA3-43C0-A7C6-DE348F96B403}.Release|Any CPU.ActiveCfg = Release|Any CPU
		{DAD7F83D-7FA3-43C0-A7C6-DE348F96B403}.Release|Any CPU.Build.0 = Release|Any CPU
		{DAD7F83D-7FA3-43C0-A7C6-DE348F96B403}.Release|x86.ActiveCfg = Release|Any CPU
		{DAD7F83D-7FA3-43C0-A7C6-DE348F96B403}.Release|x86.Build.0 = Release|Any CPU
		{BF96AE8B-D2A0-467A-849F-8F3996B3636F}.Debug|Any CPU.ActiveCfg = Debug|Any CPU
		{BF96AE8B-D2A0-467A-849F-8F3996B3636F}.Debug|Any CPU.Build.0 = Debug|Any CPU
		{BF96AE8B-D2A0-467A-849F-8F3996B3636F}.Debug|x86.ActiveCfg = Debug|Any CPU
		{BF96AE8B-D2A0-467A-849F-8F3996B3636F}.Debug|x86.Build.0 = Debug|Any CPU
		{BF96AE8B-D2A0-467A-849F-8F3996B3636F}.Release|Any CPU.ActiveCfg = Release|Any CPU
		{BF96AE8B-D2A0-467A-849F-8F3996B3636F}.Release|Any CPU.Build.0 = Release|Any CPU
		{BF96AE8B-D2A0-467A-849F-8F3996B3636F}.Release|x86.ActiveCfg = Release|Any CPU
		{BF96AE8B-D2A0-467A-849F-8F3996B3636F}.Release|x86.Build.0 = Release|Any CPU
	EndGlobalSection
	GlobalSection(SolutionProperties) = preSolution
		HideSolutionNode = FALSE
	EndGlobalSection
	GlobalSection(NestedProjects) = preSolution
		{9586718A-CBF0-4E42-9FAC-81C09B59DF47} = {B5897DED-14F9-461B-9A4C-C5BAA859F80F}
		{DE9CE632-9DC4-4330-AFB8-B6A7C2CB10D2} = {B5897DED-14F9-461B-9A4C-C5BAA859F80F}
		{604B8795-00BA-45D9-941A-998E3EE5AE78} = {B5897DED-14F9-461B-9A4C-C5BAA859F80F}
		{DAD7F83D-7FA3-43C0-A7C6-DE348F96B403} = {0F46150F-76EE-4CB5-8D1D-0C6C6B876782}
	EndGlobalSection
	GlobalSection(ExtensibilityGlobals) = postSolution
		SolutionGuid = {7B9ECE8B-DF2B-4478-995F-BD61E91AACFF}
	EndGlobalSection
EndGlobal
